
Microsoft Visual Studio Solution File, Format Version 12.00
# Visual Studio Version 16
VisualStudioVersion = 16.0.30523.141
MinimumVisualStudioVersion = 10.0.40219.1
Project("{FAE04EC0-301F-11D3-BF4B-00C04F79EFBC}") = "LB 1 isp", "LB 1 isp\LB 1 isp.csproj", "{EA71019A-F3F1-4DB8-8929-6E04CA34ACBF}"
EndProject
Global
	GlobalSection(SolutionConfigurationPlatforms) = preSolution
		Debug|Any CPU = Debug|Any CPU
		Release|Any CPU = Release|Any CPU
	EndGlobalSection
	GlobalSection(ProjectConfigurationPlatforms) = postSolution
		{EA71019A-F3F1-4DB8-8929-6E04CA34ACBF}.Debug|Any CPU.ActiveCfg = Debug|Any CPU
		{EA71019A-F3F1-4DB8-8929-6E04CA34ACBF}.Debug|Any CPU.Build.0 = Debug|Any CPU
		{EA71019A-F3F1-4DB8-8929-6E04CA34ACBF}.Release|Any CPU.ActiveCfg = Release|Any CPU
		{EA71019A-F3F1-4DB8-8929-6E04CA34ACBF}.Release|Any CPU.Build.0 = Release|Any CPU
	EndGlobalSection
	GlobalSection(SolutionProperties) = preSolution
		HideSolutionNode = FALSE
	EndGlobalSection
	GlobalSection(ExtensibilityGlobals) = postSolution
		SolutionGuid = {63796D82-0481-4CC8-911E-85EB27C080FB}
	EndGlobalSection
EndGlobal
