
Microsoft Visual Studio Solution File, Format Version 12.00
# Visual Studio Version 16
VisualStudioVersion = 16.0.30523.141
MinimumVisualStudioVersion = 10.0.40219.1
Project("{FAE04EC0-301F-11D3-BF4B-00C04F79EFBC}") = "Lab 7 isp", "Lab 7 isp\Lab 7 isp.csproj", "{C394E445-E76A-43F9-A135-DD4BDF8F4806}"
EndProject
Global
	GlobalSection(SolutionConfigurationPlatforms) = preSolution
		Debug|Any CPU = Debug|Any CPU
		Release|Any CPU = Release|Any CPU
	EndGlobalSection
	GlobalSection(ProjectConfigurationPlatforms) = postSolution
		{C394E445-E76A-43F9-A135-DD4BDF8F4806}.Debug|Any CPU.ActiveCfg = Debug|Any CPU
		{C394E445-E76A-43F9-A135-DD4BDF8F4806}.Debug|Any CPU.Build.0 = Debug|Any CPU
		{C394E445-E76A-43F9-A135-DD4BDF8F4806}.Release|Any CPU.ActiveCfg = Release|Any CPU
		{C394E445-E76A-43F9-A135-DD4BDF8F4806}.Release|Any CPU.Build.0 = Release|Any CPU
	EndGlobalSection
	GlobalSection(SolutionProperties) = preSolution
		HideSolutionNode = FALSE
	EndGlobalSection
	GlobalSection(ExtensibilityGlobals) = postSolution
		SolutionGuid = {AFC626F1-BC04-443F-B49A-E48404749533}
	EndGlobalSection
EndGlobal
